// !$*UTF8*$!
{
	archiveVersion = 1;
	classes = {
	};
	objectVersion = 50;
	objects = {

/* Begin PBXBuildFile section */
		6B1992D82088755C0080AA0F /* AppDelegate.swift in Sources */ = {isa = PBXBuildFile; fileRef = 6B1992D72088755C0080AA0F /* AppDelegate.swift */; };
		6B1992DA2088755C0080AA0F /* ViewController.swift in Sources */ = {isa = PBXBuildFile; fileRef = 6B1992D92088755C0080AA0F /* ViewController.swift */; };
		6B1992DD2088755C0080AA0F /* Main.storyboard in Resources */ = {isa = PBXBuildFile; fileRef = 6B1992DB2088755C0080AA0F /* Main.storyboard */; };
		6B1992DF2088755D0080AA0F /* Assets.xcassets in Resources */ = {isa = PBXBuildFile; fileRef = 6B1992DE2088755D0080AA0F /* Assets.xcassets */; };
		6B1992E22088755D0080AA0F /* LaunchScreen.storyboard in Resources */ = {isa = PBXBuildFile; fileRef = 6B1992E02088755D0080AA0F /* LaunchScreen.storyboard */; };
		6B1992EA2088B29C0080AA0F /* HintTableViewCell.swift in Sources */ = {isa = PBXBuildFile; fileRef = 6B1992E92088B29C0080AA0F /* HintTableViewCell.swift */; };
		6B4E5A3C2088C56B009EF8E4 /* CloudKit.framework in Frameworks */ = {isa = PBXBuildFile; fileRef = 6B4E5A3B2088C56B009EF8E4 /* CloudKit.framework */; };
		6B4E5A3E2088CB26009EF8E4 /* Hint.swift in Sources */ = {isa = PBXBuildFile; fileRef = 6B4E5A3D2088CB26009EF8E4 /* Hint.swift */; };
		6B4E5A40208CDCCB009EF8E4 /* Question.swift in Sources */ = {isa = PBXBuildFile; fileRef = 6B4E5A3F208CDCCB009EF8E4 /* Question.swift */; };
/* End PBXBuildFile section */

/* Begin PBXCopyFilesBuildPhase section */
		6B1992EF2088BAC80080AA0F /* Embed Frameworks */ = {
			isa = PBXCopyFilesBuildPhase;
			buildActionMask = 2147483647;
			dstPath = "";
			dstSubfolderSpec = 10;
			files = (
			);
			name = "Embed Frameworks";
			runOnlyForDeploymentPostprocessing = 0;
		};
/* End PBXCopyFilesBuildPhase section */

/* Begin PBXFileReference section */
		6B1992D42088755C0080AA0F /* ESCHints.app */ = {isa = PBXFileReference; explicitFileType = wrapper.application; includeInIndex = 0; path = ESCHints.app; sourceTree = BUILT_PRODUCTS_DIR; };
		6B1992D72088755C0080AA0F /* AppDelegate.swift */ = {isa = PBXFileReference; lastKnownFileType = sourcecode.swift; path = AppDelegate.swift; sourceTree = "<group>"; };
		6B1992D92088755C0080AA0F /* ViewController.swift */ = {isa = PBXFileReference; lastKnownFileType = sourcecode.swift; path = ViewController.swift; sourceTree = "<group>"; };
		6B1992DC2088755C0080AA0F /* Base */ = {isa = PBXFileReference; lastKnownFileType = file.storyboard; name = Base; path = Base.lproj/Main.storyboard; sourceTree = "<group>"; };
		6B1992DE2088755D0080AA0F /* Assets.xcassets */ = {isa = PBXFileReference; lastKnownFileType = folder.assetcatalog; path = Assets.xcassets; sourceTree = "<group>"; };
		6B1992E12088755D0080AA0F /* Base */ = {isa = PBXFileReference; lastKnownFileType = file.storyboard; name = Base; path = Base.lproj/LaunchScreen.storyboard; sourceTree = "<group>"; };
		6B1992E32088755D0080AA0F /* Info.plist */ = {isa = PBXFileReference; lastKnownFileType = text.plist.xml; path = Info.plist; sourceTree = "<group>"; };
		6B1992E92088B29C0080AA0F /* HintTableViewCell.swift */ = {isa = PBXFileReference; lastKnownFileType = sourcecode.swift; path = HintTableViewCell.swift; sourceTree = "<group>"; };
		6B1992F02088C2810080AA0F /* ESCHints.entitlements */ = {isa = PBXFileReference; lastKnownFileType = text.plist.entitlements; path = ESCHints.entitlements; sourceTree = "<group>"; };
		6B4E5A3B2088C56B009EF8E4 /* CloudKit.framework */ = {isa = PBXFileReference; lastKnownFileType = wrapper.framework; name = CloudKit.framework; path = System/Library/Frameworks/CloudKit.framework; sourceTree = SDKROOT; };
		6B4E5A3D2088CB26009EF8E4 /* Hint.swift */ = {isa = PBXFileReference; lastKnownFileType = sourcecode.swift; path = Hint.swift; sourceTree = "<group>"; };
		6B4E5A3F208CDCCB009EF8E4 /* Question.swift */ = {isa = PBXFileReference; lastKnownFileType = sourcecode.swift; path = Question.swift; sourceTree = "<group>"; };
/* End PBXFileReference section */

/* Begin PBXFrameworksBuildPhase section */
		6B1992D12088755C0080AA0F /* Frameworks */ = {
			isa = PBXFrameworksBuildPhase;
			buildActionMask = 2147483647;
			files = (
				6B4E5A3C2088C56B009EF8E4 /* CloudKit.framework in Frameworks */,
			);
			runOnlyForDeploymentPostprocessing = 0;
		};
/* End PBXFrameworksBuildPhase section */

/* Begin PBXGroup section */
		6B1992CB2088755C0080AA0F = {
			isa = PBXGroup;
			children = (
				6B1992D62088755C0080AA0F /* ESCHints */,
				6B1992D52088755C0080AA0F /* Products */,
				6B1992F12088C2850080AA0F /* Frameworks */,
			);
			sourceTree = "<group>";
		};
		6B1992D52088755C0080AA0F /* Products */ = {
			isa = PBXGroup;
			children = (
				6B1992D42088755C0080AA0F /* ESCHints.app */,
			);
			name = Products;
			sourceTree = "<group>";
		};
		6B1992D62088755C0080AA0F /* ESCHints */ = {
			isa = PBXGroup;
			children = (
				6B1992F02088C2810080AA0F /* ESCHints.entitlements */,
				6B1992D72088755C0080AA0F /* AppDelegate.swift */,
				6B1992D92088755C0080AA0F /* ViewController.swift */,
				6B1992DB2088755C0080AA0F /* Main.storyboard */,
				6B1992DE2088755D0080AA0F /* Assets.xcassets */,
				6B1992E02088755D0080AA0F /* LaunchScreen.storyboard */,
				6B1992E32088755D0080AA0F /* Info.plist */,
				6B1992E92088B29C0080AA0F /* HintTableViewCell.swift */,
				6B4E5A3F208CDCCB009EF8E4 /* Question.swift */,
				6B4E5A3D2088CB26009EF8E4 /* Hint.swift */,
			);
			path = ESCHints;
			sourceTree = "<group>";
		};
		6B1992F12088C2850080AA0F /* Frameworks */ = {
			isa = PBXGroup;
			children = (
				6B4E5A3B2088C56B009EF8E4 /* CloudKit.framework */,
			);
			name = Frameworks;
			sourceTree = "<group>";
		};
/* End PBXGroup section */

/* Begin PBXNativeTarget section */
		6B1992D32088755C0080AA0F /* ESCHints */ = {
			isa = PBXNativeTarget;
			buildConfigurationList = 6B1992E62088755D0080AA0F /* Build configuration list for PBXNativeTarget "ESCHints" */;
			buildPhases = (
				6B1992D02088755C0080AA0F /* Sources */,
				6B1992D12088755C0080AA0F /* Frameworks */,
				6B1992D22088755C0080AA0F /* Resources */,
				6B1992EF2088BAC80080AA0F /* Embed Frameworks */,
			);
			buildRules = (
			);
			dependencies = (
			);
			name = ESCHints;
			productName = ESCHints;
			productReference = 6B1992D42088755C0080AA0F /* ESCHints.app */;
			productType = "com.apple.product-type.application";
		};
/* End PBXNativeTarget section */

/* Begin PBXProject section */
		6B1992CC2088755C0080AA0F /* Project object */ = {
			isa = PBXProject;
			attributes = {
				LastSwiftUpdateCheck = 0930;
				LastUpgradeCheck = 0930;
				ORGANIZATIONNAME = "Matt Ao";
				TargetAttributes = {
					6B1992D32088755C0080AA0F = {
						CreatedOnToolsVersion = 9.3;
						LastSwiftMigration = 1110;
						SystemCapabilities = {
							com.apple.Push = {
								enabled = 1;
							};
							com.apple.iCloud = {
								enabled = 1;
							};
						};
					};
				};
			};
			buildConfigurationList = 6B1992CF2088755C0080AA0F /* Build configuration list for PBXProject "ESCHints" */;
			compatibilityVersion = "Xcode 9.3";
			developmentRegion = en;
			hasScannedForEncodings = 0;
			knownRegions = (
				en,
				Base,
			);
			mainGroup = 6B1992CB2088755C0080AA0F;
			productRefGroup = 6B1992D52088755C0080AA0F /* Products */;
			projectDirPath = "";
			projectRoot = "";
			targets = (
				6B1992D32088755C0080AA0F /* ESCHints */,
			);
		};
/* End PBXProject section */

/* Begin PBXResourcesBuildPhase section */
		6B1992D22088755C0080AA0F /* Resources */ = {
			isa = PBXResourcesBuildPhase;
			buildActionMask = 2147483647;
			files = (
				6B1992E22088755D0080AA0F /* LaunchScreen.storyboard in Resources */,
				6B1992DF2088755D0080AA0F /* Assets.xcassets in Resources */,
				6B1992DD2088755C0080AA0F /* Main.storyboard in Resources */,
			);
			runOnlyForDeploymentPostprocessing = 0;
		};
/* End PBXResourcesBuildPhase section */

/* Begin PBXSourcesBuildPhase section */
		6B1992D02088755C0080AA0F /* Sources */ = {
			isa = PBXSourcesBuildPhase;
			buildActionMask = 2147483647;
			files = (
				6B4E5A40208CDCCB009EF8E4 /* Question.swift in Sources */,
				6B4E5A3E2088CB26009EF8E4 /* Hint.swift in Sources */,
				6B1992DA2088755C0080AA0F /* ViewController.swift in Sources */,
				6B1992EA2088B29C0080AA0F /* HintTableViewCell.swift in Sources */,
				6B1992D82088755C0080AA0F /* AppDelegate.swift in Sources */,
			);
			runOnlyForDeploymentPostprocessing = 0;
		};
/* End PBXSourcesBuildPhase section */

/* Begin PBXVariantGroup section */
		6B1992DB2088755C0080AA0F /* Main.storyboard */ = {
			isa = PBXVariantGroup;
			children = (
				6B1992DC2088755C0080AA0F /* Base */,
			);
			name = Main.storyboard;
			sourceTree = "<group>";
		};
		6B1992E02088755D0080AA0F /* LaunchScreen.storyboard */ = {
			isa = PBXVariantGroup;
			children = (
				6B1992E12088755D0080AA0F /* Base */,
			);
			name = LaunchScreen.storyboard;
			sourceTree = "<group>";
		};
/* End PBXVariantGroup section */

/* Begin XCBuildConfiguration section */
		6B1992E42088755D0080AA0F /* Debug */ = {
			isa = XCBuildConfiguration;
			buildSettings = {
				ALWAYS_SEARCH_USER_PATHS = NO;
				CLANG_ANALYZER_NONNULL = YES;
				CLANG_ANALYZER_NUMBER_OBJECT_CONVERSION = YES_AGGRESSIVE;
				CLANG_CXX_LANGUAGE_STANDARD = "gnu++14";
				CLANG_CXX_LIBRARY = "libc++";
				CLANG_ENABLE_MODULES = YES;
				CLANG_ENABLE_OBJC_ARC = YES;
				CLANG_ENABLE_OBJC_WEAK = YES;
				CLANG_WARN_BLOCK_CAPTURE_AUTORELEASING = YES;
				CLANG_WARN_BOOL_CONVERSION = YES;
				CLANG_WARN_COMMA = YES;
				CLANG_WARN_CONSTANT_CONVERSION = YES;
				CLANG_WARN_DEPRECATED_OBJC_IMPLEMENTATIONS = YES;
				CLANG_WARN_DIRECT_OBJC_ISA_USAGE = YES_ERROR;
				CLANG_WARN_DOCUMENTATION_COMMENTS = YES;
				CLANG_WARN_EMPTY_BODY = YES;
				CLANG_WARN_ENUM_CONVERSION = YES;
				CLANG_WARN_INFINITE_RECURSION = YES;
				CLANG_WARN_INT_CONVERSION = YES;
				CLANG_WARN_NON_LITERAL_NULL_CONVERSION = YES;
				CLANG_WARN_OBJC_IMPLICIT_RETAIN_SELF = YES;
				CLANG_WARN_OBJC_LITERAL_CONVERSION = YES;
				CLANG_WARN_OBJC_ROOT_CLASS = YES_ERROR;
				CLANG_WARN_RANGE_LOOP_ANALYSIS = YES;
				CLANG_WARN_STRICT_PROTOTYPES = YES;
				CLANG_WARN_SUSPICIOUS_MOVE = YES;
				CLANG_WARN_UNGUARDED_AVAILABILITY = YES_AGGRESSIVE;
				CLANG_WARN_UNREACHABLE_CODE = YES;
				CLANG_WARN__DUPLICATE_METHOD_MATCH = YES;
				CODE_SIGN_IDENTITY = "iPhone Developer";
				COPY_PHASE_STRIP = NO;
				DEBUG_INFORMATION_FORMAT = dwarf;
				ENABLE_STRICT_OBJC_MSGSEND = YES;
				ENABLE_TESTABILITY = YES;
				GCC_C_LANGUAGE_STANDARD = gnu11;
				GCC_DYNAMIC_NO_PIC = NO;
				GCC_NO_COMMON_BLOCKS = YES;
				GCC_OPTIMIZATION_LEVEL = 0;
				GCC_PREPROCESSOR_DEFINITIONS = (
					"DEBUG=1",
					"$(inherited)",
				);
				GCC_WARN_64_TO_32_BIT_CONVERSION = YES;
				GCC_WARN_ABOUT_RETURN_TYPE = YES_ERROR;
				GCC_WARN_UNDECLARED_SELECTOR = YES;
				GCC_WARN_UNINITIALIZED_AUTOS = YES_AGGRESSIVE;
				GCC_WARN_UNUSED_FUNCTION = YES;
				GCC_WARN_UNUSED_VARIABLE = YES;
				IPHONEOS_DEPLOYMENT_TARGET = 11.3;
				MTL_ENABLE_DEBUG_INFO = YES;
				ONLY_ACTIVE_ARCH = YES;
				SDKROOT = iphoneos;
				SWIFT_ACTIVE_COMPILATION_CONDITIONS = DEBUG;
				SWIFT_OPTIMIZATION_LEVEL = "-Onone";
			};
			name = Debug;
		};
		6B1992E52088755D0080AA0F /* Release */ = {
			isa = XCBuildConfiguration;
			buildSettings = {
				ALWAYS_SEARCH_USER_PATHS = NO;
				CLANG_ANALYZER_NONNULL = YES;
				CLANG_ANALYZER_NUMBER_OBJECT_CONVERSION = YES_AGGRESSIVE;
				CLANG_CXX_LANGUAGE_STANDARD = "gnu++14";
				CLANG_CXX_LIBRARY = "libc++";
				CLANG_ENABLE_MODULES = YES;
				CLANG_ENABLE_OBJC_ARC = YES;
				CLANG_ENABLE_OBJC_WEAK = YES;
				CLANG_WARN_BLOCK_CAPTURE_AUTORELEASING = YES;
				CLANG_WARN_BOOL_CONVERSION = YES;
				CLANG_WARN_COMMA = YES;
				CLANG_WARN_CONSTANT_CONVERSION = YES;
				CLANG_WARN_DEPRECATED_OBJC_IMPLEMENTATIONS = YES;
				CLANG_WARN_DIRECT_OBJC_ISA_USAGE = YES_ERROR;
				CLANG_WARN_DOCUMENTATION_COMMENTS = YES;
				CLANG_WARN_EMPTY_BODY = YES;
				CLANG_WARN_ENUM_CONVERSION = YES;
				CLANG_WARN_INFINITE_RECURSION = YES;
				CLANG_WARN_INT_CONVERSION = YES;
				CLANG_WARN_NON_LITERAL_NULL_CONVERSION = YES;
				CLANG_WARN_OBJC_IMPLICIT_RETAIN_SELF = YES;
				CLANG_WARN_OBJC_LITERAL_CONVERSION = YES;
				CLANG_WARN_OBJC_ROOT_CLASS = YES_ERROR;
				CLANG_WARN_RANGE_LOOP_ANALYSIS = YES;
				CLANG_WARN_STRICT_PROTOTYPES = YES;
				CLANG_WARN_SUSPICIOUS_MOVE = YES;
				CLANG_WARN_UNGUARDED_AVAILABILITY = YES_AGGRESSIVE;
				CLANG_WARN_UNREACHABLE_CODE = YES;
				CLANG_WARN__DUPLICATE_METHOD_MATCH = YES;
				CODE_SIGN_IDENTITY = "iPhone Developer";
				COPY_PHASE_STRIP = NO;
				DEBUG_INFORMATION_FORMAT = "dwarf-with-dsym";
				ENABLE_NS_ASSERTIONS = NO;
				ENABLE_STRICT_OBJC_MSGSEND = YES;
				GCC_C_LANGUAGE_STANDARD = gnu11;
				GCC_NO_COMMON_BLOCKS = YES;
				GCC_WARN_64_TO_32_BIT_CONVERSION = YES;
				GCC_WARN_ABOUT_RETURN_TYPE = YES_ERROR;
				GCC_WARN_UNDECLARED_SELECTOR = YES;
				GCC_WARN_UNINITIALIZED_AUTOS = YES_AGGRESSIVE;
				GCC_WARN_UNUSED_FUNCTION = YES;
				GCC_WARN_UNUSED_VARIABLE = YES;
				IPHONEOS_DEPLOYMENT_TARGET = 11.3;
				MTL_ENABLE_DEBUG_INFO = NO;
				SDKROOT = iphoneos;
				SWIFT_COMPILATION_MODE = wholemodule;
				SWIFT_OPTIMIZATION_LEVEL = "-O";
				VALIDATE_PRODUCT = YES;
			};
			name = Release;
		};
		6B1992E72088755D0080AA0F /* Debug */ = {
			isa = XCBuildConfiguration;
			buildSettings = {
				ASSETCATALOG_COMPILER_APPICON_NAME = AppIcon;
				CODE_SIGN_ENTITLEMENTS = ESCHints/ESCHints.entitlements;
				CODE_SIGN_STYLE = Automatic;
				DEVELOPMENT_TEAM = UM9YJ48CFT;
				FRAMEWORK_SEARCH_PATHS = (
					"$(inherited)",
					"$(PROJECT_DIR)/ESCHints",
				);
				INFOPLIST_FILE = ESCHints/Info.plist;
				LD_RUNPATH_SEARCH_PATHS = (
					"$(inherited)",
					"@executable_path/Frameworks",
				);
				PRODUCT_BUNDLE_IDENTIFIER = esc.ESCHints;
				PRODUCT_NAME = "$(TARGET_NAME)";
				SWIFT_VERSION = 5.0;
				TARGETED_DEVICE_FAMILY = "1,2";
			};
			name = Debug;
		};
		6B1992E82088755D0080AA0F /* Release */ = {
			isa = XCBuildConfiguration;
			buildSettings = {
				ASSETCATALOG_COMPILER_APPICON_NAME = AppIcon;
				CODE_SIGN_ENTITLEMENTS = ESCHints/ESCHints.entitlements;
				CODE_SIGN_STYLE = Automatic;
				DEVELOPMENT_TEAM = UM9YJ48CFT;
				FRAMEWORK_SEARCH_PATHS = (
					"$(inherited)",
					"$(PROJECT_DIR)/ESCHints",
				);
				INFOPLIST_FILE = ESCHints/Info.plist;
				LD_RUNPATH_SEARCH_PATHS = (
					"$(inherited)",
					"@executable_path/Frameworks",
				);
				PRODUCT_BUNDLE_IDENTIFIER = esc.ESCHints;
				PRODUCT_NAME = "$(TARGET_NAME)";
				SWIFT_VERSION = 5.0;
				TARGETED_DEVICE_FAMILY = "1,2";
			};
			name = Release;
		};
/* End XCBuildConfiguration section */

/* Begin XCConfigurationList section */
		6B1992CF2088755C0080AA0F /* Build configuration list for PBXProject "ESCHints" */ = {
			isa = XCConfigurationList;
			buildConfigurations = (
				6B1992E42088755D0080AA0F /* Debug */,
				6B1992E52088755D0080AA0F /* Release */,
			);
			defaultConfigurationIsVisible = 0;
			defaultConfigurationName = Release;
		};
		6B1992E62088755D0080AA0F /* Build configuration list for PBXNativeTarget "ESCHints" */ = {
			isa = XCConfigurationList;
			buildConfigurations = (
				6B1992E72088755D0080AA0F /* Debug */,
				6B1992E82088755D0080AA0F /* Release */,
			);
			defaultConfigurationIsVisible = 0;
			defaultConfigurationName = Release;
		};
/* End XCConfigurationList section */
	};
	rootObject = 6B1992CC2088755C0080AA0F /* Project object */;
}
